
Microsoft Visual Studio Solution File, Format Version 12.00
# Visual Studio Version 17
VisualStudioVersion = 17.0.32014.148
MinimumVisualStudioVersion = 10.0.40219.1
Project("{9A19103F-16F7-4668-BE54-9A1E7A4F7556}") = "ESourcing.Products", "ESourcing.Products\ESourcing.Products.csproj", "{26A6386C-52ED-471B-8A1C-7440CAC20251}"
EndProject
Project("{2150E333-8FDC-42A3-9474-1A3956D46DE8}") = "Product", "Product", "{D8E4ECF7-972A-413A-A870-152B36DC81AE}"
EndProject
Project("{2150E333-8FDC-42A3-9474-1A3956D46DE8}") = "src", "src", "{A1EFEA54-558C-4D84-9527-81C9CC208B02}"
EndProject
Project("{2150E333-8FDC-42A3-9474-1A3956D46DE8}") = "ApiGateway", "ApiGateway", "{3BF94452-85BE-459E-AF5F-484E6CA97A49}"
EndProject
Project("{2150E333-8FDC-42A3-9474-1A3956D46DE8}") = "Services", "Services", "{3CE7EB8D-3516-4D49-954A-13EF4378718A}"
EndProject
Project("{2150E333-8FDC-42A3-9474-1A3956D46DE8}") = "WebApp", "WebApp", "{D053F3DA-CF72-47C8-B0FD-15A9E79933A9}"
EndProject
Project("{2150E333-8FDC-42A3-9474-1A3956D46DE8}") = "Order", "Order", "{05B6A2B4-6F6C-45EE-A038-32CF7E4AECA8}"
EndProject
Project("{2150E333-8FDC-42A3-9474-1A3956D46DE8}") = "Sourcing", "Sourcing", "{2A885158-E1AD-4982-B08F-A51F9B040D55}"
EndProject
Project("{E53339B2-1760-4266-BCC7-CA923CBCF16C}") = "docker-compose", "docker-compose.dcproj", "{420CA69C-1FF5-4CAC-B886-68BF86865C52}"
EndProject
Project("{9A19103F-16F7-4668-BE54-9A1E7A4F7556}") = "ESourcing.Sourcing", "ESourcing.Sourcing\ESourcing.Sourcing.csproj", "{8C83BE61-96D0-442C-B460-ABEF7A449851}"
EndProject
Project("{2150E333-8FDC-42A3-9474-1A3956D46DE8}") = "Common", "Common", "{885B03DA-E863-44C4-821A-FF48B233C780}"
EndProject
Project("{9A19103F-16F7-4668-BE54-9A1E7A4F7556}") = "EventBusRabbitMQ", "EventBusRabbitMQ\EventBusRabbitMQ.csproj", "{C0F11FBE-6861-4E72-A5E6-3AEB421910DA}"
EndProject
Project("{9A19103F-16F7-4668-BE54-9A1E7A4F7556}") = "ESourcing.Order", "ESourcing.Order\ESourcing.Order.csproj", "{1063AB63-BF39-42D4-B6D9-D4351F0575EF}"
EndProject
Project("{9A19103F-16F7-4668-BE54-9A1E7A4F7556}") = "Ordering.Application", "Ordering.Application\Ordering.Application.csproj", "{25E137FD-FEFB-416F-89CA-5225FD571717}"
EndProject
Project("{9A19103F-16F7-4668-BE54-9A1E7A4F7556}") = "Ordering.Infrastructure", "Ordering.Infrastructure\Ordering.Infrastructure.csproj", "{40ECD9EE-5A76-48A1-99C2-B4C9B79475AF}"
EndProject
Project("{FAE04EC0-301F-11D3-BF4B-00C04F79EFBC}") = "Ordering.Domain", "..\Ordering.Domain\Ordering.Domain.csproj", "{329C5B2D-F4D9-4A1A-83E8-393B10FCC0B4}"
EndProject
Global
	GlobalSection(SolutionConfigurationPlatforms) = preSolution
		Debug|Any CPU = Debug|Any CPU
		Release|Any CPU = Release|Any CPU
	EndGlobalSection
	GlobalSection(ProjectConfigurationPlatforms) = postSolution
		{26A6386C-52ED-471B-8A1C-7440CAC20251}.Debug|Any CPU.ActiveCfg = Debug|Any CPU
		{26A6386C-52ED-471B-8A1C-7440CAC20251}.Debug|Any CPU.Build.0 = Debug|Any CPU
		{26A6386C-52ED-471B-8A1C-7440CAC20251}.Release|Any CPU.ActiveCfg = Release|Any CPU
		{26A6386C-52ED-471B-8A1C-7440CAC20251}.Release|Any CPU.Build.0 = Release|Any CPU
		{420CA69C-1FF5-4CAC-B886-68BF86865C52}.Debug|Any CPU.ActiveCfg = Debug|Any CPU
		{420CA69C-1FF5-4CAC-B886-68BF86865C52}.Debug|Any CPU.Build.0 = Debug|Any CPU
		{420CA69C-1FF5-4CAC-B886-68BF86865C52}.Release|Any CPU.ActiveCfg = Release|Any CPU
		{420CA69C-1FF5-4CAC-B886-68BF86865C52}.Release|Any CPU.Build.0 = Release|Any CPU
		{8C83BE61-96D0-442C-B460-ABEF7A449851}.Debug|Any CPU.ActiveCfg = Debug|Any CPU
		{8C83BE61-96D0-442C-B460-ABEF7A449851}.Debug|Any CPU.Build.0 = Debug|Any CPU
		{8C83BE61-96D0-442C-B460-ABEF7A449851}.Release|Any CPU.ActiveCfg = Release|Any CPU
		{8C83BE61-96D0-442C-B460-ABEF7A449851}.Release|Any CPU.Build.0 = Release|Any CPU
		{C0F11FBE-6861-4E72-A5E6-3AEB421910DA}.Debug|Any CPU.ActiveCfg = Debug|Any CPU
		{C0F11FBE-6861-4E72-A5E6-3AEB421910DA}.Debug|Any CPU.Build.0 = Debug|Any CPU
		{C0F11FBE-6861-4E72-A5E6-3AEB421910DA}.Release|Any CPU.ActiveCfg = Release|Any CPU
		{C0F11FBE-6861-4E72-A5E6-3AEB421910DA}.Release|Any CPU.Build.0 = Release|Any CPU
		{1063AB63-BF39-42D4-B6D9-D4351F0575EF}.Debug|Any CPU.ActiveCfg = Debug|Any CPU
		{1063AB63-BF39-42D4-B6D9-D4351F0575EF}.Debug|Any CPU.Build.0 = Debug|Any CPU
		{1063AB63-BF39-42D4-B6D9-D4351F0575EF}.Release|Any CPU.ActiveCfg = Release|Any CPU
		{1063AB63-BF39-42D4-B6D9-D4351F0575EF}.Release|Any CPU.Build.0 = Release|Any CPU
		{25E137FD-FEFB-416F-89CA-5225FD571717}.Debug|Any CPU.ActiveCfg = Debug|Any CPU
		{25E137FD-FEFB-416F-89CA-5225FD571717}.Debug|Any CPU.Build.0 = Debug|Any CPU
		{25E137FD-FEFB-416F-89CA-5225FD571717}.Release|Any CPU.ActiveCfg = Release|Any CPU
		{25E137FD-FEFB-416F-89CA-5225FD571717}.Release|Any CPU.Build.0 = Release|Any CPU
		{40ECD9EE-5A76-48A1-99C2-B4C9B79475AF}.Debug|Any CPU.ActiveCfg = Debug|Any CPU
		{40ECD9EE-5A76-48A1-99C2-B4C9B79475AF}.Debug|Any CPU.Build.0 = Debug|Any CPU
		{40ECD9EE-5A76-48A1-99C2-B4C9B79475AF}.Release|Any CPU.ActiveCfg = Release|Any CPU
		{40ECD9EE-5A76-48A1-99C2-B4C9B79475AF}.Release|Any CPU.Build.0 = Release|Any CPU
		{329C5B2D-F4D9-4A1A-83E8-393B10FCC0B4}.Debug|Any CPU.ActiveCfg = Debug|Any CPU
		{329C5B2D-F4D9-4A1A-83E8-393B10FCC0B4}.Debug|Any CPU.Build.0 = Debug|Any CPU
		{329C5B2D-F4D9-4A1A-83E8-393B10FCC0B4}.Release|Any CPU.ActiveCfg = Release|Any CPU
		{329C5B2D-F4D9-4A1A-83E8-393B10FCC0B4}.Release|Any CPU.Build.0 = Release|Any CPU
	EndGlobalSection
	GlobalSection(SolutionProperties) = preSolution
		HideSolutionNode = FALSE
	EndGlobalSection
	GlobalSection(NestedProjects) = preSolution
		{26A6386C-52ED-471B-8A1C-7440CAC20251} = {D8E4ECF7-972A-413A-A870-152B36DC81AE}
		{D8E4ECF7-972A-413A-A870-152B36DC81AE} = {3CE7EB8D-3516-4D49-954A-13EF4378718A}
		{3BF94452-85BE-459E-AF5F-484E6CA97A49} = {A1EFEA54-558C-4D84-9527-81C9CC208B02}
		{3CE7EB8D-3516-4D49-954A-13EF4378718A} = {A1EFEA54-558C-4D84-9527-81C9CC208B02}
		{D053F3DA-CF72-47C8-B0FD-15A9E79933A9} = {A1EFEA54-558C-4D84-9527-81C9CC208B02}
		{05B6A2B4-6F6C-45EE-A038-32CF7E4AECA8} = {3CE7EB8D-3516-4D49-954A-13EF4378718A}
		{2A885158-E1AD-4982-B08F-A51F9B040D55} = {3CE7EB8D-3516-4D49-954A-13EF4378718A}
		{8C83BE61-96D0-442C-B460-ABEF7A449851} = {2A885158-E1AD-4982-B08F-A51F9B040D55}
		{885B03DA-E863-44C4-821A-FF48B233C780} = {3CE7EB8D-3516-4D49-954A-13EF4378718A}
		{C0F11FBE-6861-4E72-A5E6-3AEB421910DA} = {885B03DA-E863-44C4-821A-FF48B233C780}
		{1063AB63-BF39-42D4-B6D9-D4351F0575EF} = {05B6A2B4-6F6C-45EE-A038-32CF7E4AECA8}
		{25E137FD-FEFB-416F-89CA-5225FD571717} = {05B6A2B4-6F6C-45EE-A038-32CF7E4AECA8}
		{40ECD9EE-5A76-48A1-99C2-B4C9B79475AF} = {05B6A2B4-6F6C-45EE-A038-32CF7E4AECA8}
		{329C5B2D-F4D9-4A1A-83E8-393B10FCC0B4} = {05B6A2B4-6F6C-45EE-A038-32CF7E4AECA8}
	EndGlobalSection
	GlobalSection(ExtensibilityGlobals) = postSolution
		SolutionGuid = {88DBA067-15FF-4CD7-BA01-461FABE4DE17}
	EndGlobalSection
EndGlobal
